
Microsoft Visual Studio Solution File, Format Version 12.00
# Visual Studio Version 17
VisualStudioVersion = 17.11.35327.3
MinimumVisualStudioVersion = 10.0.40219.1
Project("{8BC9CEB8-8B4A-11D0-8D11-00A0C91BC942}") = "lab_04", "lab_04\lab_04.vcxproj", "{09A31E39-8243-4D4B-B908-0D95EDDC8BEA}"
EndProject
Global
	GlobalSection(SolutionConfigurationPlatforms) = preSolution
		Debug|x64 = Debug|x64
		Debug|x86 = Debug|x86
		Release|x64 = Release|x64
		Release|x86 = Release|x86
	EndGlobalSection
	GlobalSection(ProjectConfigurationPlatforms) = postSolution
		{09A31E39-8243-4D4B-B908-0D95EDDC8BEA}.Debug|x64.ActiveCfg = Debug|x64
		{09A31E39-8243-4D4B-B908-0D95EDDC8BEA}.Debug|x64.Build.0 = Debug|x64
		{09A31E39-8243-4D4B-B908-0D95EDDC8BEA}.Debug|x86.ActiveCfg = Debug|Win32
		{09A31E39-8243-4D4B-B908-0D95EDDC8BEA}.Debug|x86.Build.0 = Debug|Win32
		{09A31E39-8243-4D4B-B908-0D95EDDC8BEA}.Release|x64.ActiveCfg = Release|x64
		{09A31E39-8243-4D4B-B908-0D95EDDC8BEA}.Release|x64.Build.0 = Release|x64
		{09A31E39-8243-4D4B-B908-0D95EDDC8BEA}.Release|x86.ActiveCfg = Release|Win32
		{09A31E39-8243-4D4B-B908-0D95EDDC8BEA}.Release|x86.Build.0 = Release|Win32
	EndGlobalSection
	GlobalSection(SolutionProperties) = preSolution
		HideSolutionNode = FALSE
	EndGlobalSection
	GlobalSection(ExtensibilityGlobals) = postSolution
		SolutionGuid = {E5D2F15E-D715-42EA-A9DA-CD4030AC496A}
	EndGlobalSection
EndGlobal
